
Microsoft Visual Studio Solution File, Format Version 11.00
# Visual Studio 2010
Project("{FAE04EC0-301F-11D3-BF4B-00C04F79EFBC}") = "HitboxCreator", "HitboxCreator\HitboxCreator.csproj", "{6DE56DC6-7B43-4909-9714-CBD8120D8442}"
EndProject
Global
	GlobalSection(SolutionConfigurationPlatforms) = preSolution
		Debug|Any CPU = Debug|Any CPU
		Release|Any CPU = Release|Any CPU
	EndGlobalSection
	GlobalSection(ProjectConfigurationPlatforms) = postSolution
		{6DE56DC6-7B43-4909-9714-CBD8120D8442}.Debug|Any CPU.ActiveCfg = Debug|Any CPU
		{6DE56DC6-7B43-4909-9714-CBD8120D8442}.Debug|Any CPU.Build.0 = Debug|Any CPU
		{6DE56DC6-7B43-4909-9714-CBD8120D8442}.Release|Any CPU.ActiveCfg = Release|Any CPU
		{6DE56DC6-7B43-4909-9714-CBD8120D8442}.Release|Any CPU.Build.0 = Release|Any CPU
	EndGlobalSection
	GlobalSection(SolutionProperties) = preSolution
		HideSolutionNode = FALSE
	EndGlobalSection
EndGlobal
